{
  "name": "fetch",
  "version": "1.0.0",
  "lockfileVersion": 3,
  "requires": true,
  "packages": {
    "": {
      "name": "fetch",
      "version": "1.0.0",
      "license": "ISC",
      "dependencies": {
        "@reqwest/fetch": "^0.0.6",
        "@supercharge/promise-pool": "^3.2.0"
      }
    },
    "node_modules/@reqwest/fetch": {
      "version": "0.0.6",
      "resolved": "https://registry.npmjs.org/@reqwest/fetch/-/fetch-0.0.6.tgz",
      "integrity": "sha512-c4wv5+ePwvrzrVXU8N3uDu+FsfkeXuPNzLvRu4400VlN1TP5uR0BcLoWpz5S4pNvSabk7zneyuU+3lbTg4XSWw==",
      "license": "MIT",
      "engines": {
        "node": ">= 20"
      },
      "optionalDependencies": {
        "@reqwest/fetch-darwin-arm64": "0.0.6",
        "@reqwest/fetch-darwin-x64": "0.0.6",
        "@reqwest/fetch-linux-arm64-gnu": "0.0.6",
        "@reqwest/fetch-linux-x64-gnu": "0.0.6",
        "@reqwest/fetch-win32-x64-msvc": "0.0.6"
      }
    },
    "node_modules/@reqwest/fetch-darwin-arm64": {
      "version": "0.0.6",
      "resolved": "https://registry.npmjs.org/@reqwest/fetch-darwin-arm64/-/fetch-darwin-arm64-0.0.6.tgz",
      "integrity": "sha512-JegbNUaievySaPbr+VXCQb1U4JXncyfTBXduH3kfGOvlFH44xP756SF8zLYqjMRNvJgBTUXfa6wevs5EBq143A==",
      "cpu": [
        "arm64"
      ],
      "license": "MIT",
      "optional": true,
      "os": [
        "darwin"
      ],
      "engines": {
        "node": ">= 10"
      }
    },
    "node_modules/@reqwest/fetch-darwin-x64": {
      "version": "0.0.6",
      "resolved": "https://registry.npmjs.org/@reqwest/fetch-darwin-x64/-/fetch-darwin-x64-0.0.6.tgz",
      "integrity": "sha512-DK6BPR4bkdmpDAS+e2bEnsmpfIk0znmHxlcCwbj8I3miF2MW4r8y/cxknFMaHj3foz6vJ0UcKQcEQw8Z8xLBeA==",
      "cpu": [
        "x64"
      ],
      "license": "MIT",
      "optional": true,
      "os": [
        "darwin"
      ],
      "engines": {
        "node": ">= 10"
      }
    },
    "node_modules/@reqwest/fetch-linux-arm64-gnu": {
      "version": "0.0.6",
      "resolved": "https://registry.npmjs.org/@reqwest/fetch-linux-arm64-gnu/-/fetch-linux-arm64-gnu-0.0.6.tgz",
      "integrity": "sha512-ZdFCAMkQ1LYXpA/cJJfa9wvr4Alxis4ErKUS3ECeeuvfWwR7n6KMyZmFD32d1wMgr+5Ve24RrYAtFakFvnW8pw==",
      "cpu": [
        "arm64"
      ],
      "license": "MIT",
      "optional": true,
      "os": [
        "linux"
      ],
      "engines": {
        "node": ">= 10"
      }
    },
    "node_modules/@reqwest/fetch-linux-x64-gnu": {
      "version": "0.0.6",
      "resolved": "https://registry.npmjs.org/@reqwest/fetch-linux-x64-gnu/-/fetch-linux-x64-gnu-0.0.6.tgz",
      "integrity": "sha512-Th+vTeSwpHxt7F7zT/9soG2AiAKlN7lFp5H+RBReSpQj2gZ7bDD+zX4mxMIbh+xDmw9fWApRC32l2q43CLRbEA==",
      "cpu": [
        "x64"
      ],
      "license": "MIT",
      "optional": true,
      "os": [
        "linux"
      ],
      "engines": {
        "node": ">= 10"
      }
    },
    "node_modules/@reqwest/fetch-win32-x64-msvc": {
      "version": "0.0.6",
      "resolved": "https://registry.npmjs.org/@reqwest/fetch-win32-x64-msvc/-/fetch-win32-x64-msvc-0.0.6.tgz",
      "integrity": "sha512-rh4CDHwUE6Q9AZBzqBSW9dvxyxS+YFuXabFVny4F8GWGVzvTq6kkxPjJzX/PTNabjB1yoTKpas6oQDXQwdhiFg==",
      "cpu": [
        "x64"
      ],
      "license": "MIT",
      "optional": true,
      "os": [
        "win32"
      ],
      "engines": {
        "node": ">= 10"
      }
    },
    "node_modules/@supercharge/promise-pool": {
      "version": "3.2.0",
      "resolved": "https://registry.npmjs.org/@supercharge/promise-pool/-/promise-pool-3.2.0.tgz",
      "integrity": "sha512-pj0cAALblTZBPtMltWOlZTQSLT07jIaFNeM8TWoJD1cQMgDB9mcMlVMoetiB35OzNJpqQ2b+QEtwiR9f20mADg==",
      "license": "MIT",
      "engines": {
        "node": ">=8"
      }
    }
  }
}
