{
  "name": "fetch",
  "version": "1.0.0",
  "lockfileVersion": 3,
  "requires": true,
  "packages": {
    "": {
      "name": "fetch",
      "version": "1.0.0",
      "license": "ISC",
      "dependencies": {
        "@reqwest/fetch": "^0.0.7",
        "@supercharge/promise-pool": "^3.2.0"
      }
    },
    "node_modules/@reqwest/fetch": {
      "version": "0.0.7",
      "resolved": "https://registry.npmjs.org/@reqwest/fetch/-/fetch-0.0.7.tgz",
      "integrity": "sha512-3Zdx97VWlxGsWBONblStug201EOit1McjPskx69gYnMEoPsyt5moUVxF3FU9gF9P8swAQOp1/UmFKHCXL2WgCg==",
      "license": "MIT",
      "engines": {
        "node": ">= 20"
      },
      "optionalDependencies": {
        "@reqwest/fetch-darwin-arm64": "0.0.7",
        "@reqwest/fetch-darwin-x64": "0.0.7",
        "@reqwest/fetch-linux-arm64-gnu": "0.0.7",
        "@reqwest/fetch-linux-arm64-musl": "0.0.7",
        "@reqwest/fetch-linux-x64-gnu": "0.0.7",
        "@reqwest/fetch-linux-x64-musl": "0.0.7",
        "@reqwest/fetch-win32-x64-msvc": "0.0.7"
      }
    },
    "node_modules/@reqwest/fetch-darwin-arm64": {
      "version": "0.0.7",
      "resolved": "https://registry.npmjs.org/@reqwest/fetch-darwin-arm64/-/fetch-darwin-arm64-0.0.7.tgz",
      "integrity": "sha512-LvxTusmEg2lYwI9WUWZHO3QbgVGlvo5DlkOoAcsaRAsYNqnL5VjtFPrybjlyb8ndVgWb9zqbTHU9FHDV8GVx6A==",
      "cpu": [
        "arm64"
      ],
      "license": "MIT",
      "optional": true,
      "os": [
        "darwin"
      ],
      "engines": {
        "node": ">= 20"
      }
    },
    "node_modules/@reqwest/fetch-darwin-x64": {
      "version": "0.0.7",
      "resolved": "https://registry.npmjs.org/@reqwest/fetch-darwin-x64/-/fetch-darwin-x64-0.0.7.tgz",
      "integrity": "sha512-CiSigRKkIFL0La9SgF7wpqDDcRgEk9scO06UHv0doD23+rH8dam8ELTJd1ztWzUL0/z4GubfJWYT2gmjDL1lwA==",
      "cpu": [
        "x64"
      ],
      "license": "MIT",
      "optional": true,
      "os": [
        "darwin"
      ],
      "engines": {
        "node": ">= 20"
      }
    },
    "node_modules/@reqwest/fetch-linux-arm64-gnu": {
      "version": "0.0.7",
      "resolved": "https://registry.npmjs.org/@reqwest/fetch-linux-arm64-gnu/-/fetch-linux-arm64-gnu-0.0.7.tgz",
      "integrity": "sha512-ZX2ApKGPvcAskME6sCFye4/ECPwQGUOY7W3RafKSh01Ku51yzEzAd8cTwB4rHj8I95UefGCIlxydzkz8lWxSWA==",
      "cpu": [
        "arm64"
      ],
      "license": "MIT",
      "optional": true,
      "os": [
        "linux"
      ],
      "engines": {
        "node": ">= 20"
      }
    },
    "node_modules/@reqwest/fetch-linux-x64-gnu": {
      "version": "0.0.7",
      "resolved": "https://registry.npmjs.org/@reqwest/fetch-linux-x64-gnu/-/fetch-linux-x64-gnu-0.0.7.tgz",
      "integrity": "sha512-1VA9k7kM+kMOkxa4n/BVSypTCS6Dav0YUWr4njb/WsvWcCZ54G3LaFBgP2rrw3uIjhXx8myr2GHtBMhn3/PYsQ==",
      "cpu": [
        "x64"
      ],
      "license": "MIT",
      "optional": true,
      "os": [
        "linux"
      ],
      "engines": {
        "node": ">= 20"
      }
    },
    "node_modules/@reqwest/fetch-win32-x64-msvc": {
      "version": "0.0.7",
      "resolved": "https://registry.npmjs.org/@reqwest/fetch-win32-x64-msvc/-/fetch-win32-x64-msvc-0.0.7.tgz",
      "integrity": "sha512-kCUnRamMl5C1to5j61RZV6MOMq+cldN+T+5bc7KPcMAqa+aebQ3MsWPwDDzt83ERJnlkLgmM6GcE9PHK3gJ79A==",
      "cpu": [
        "x64"
      ],
      "license": "MIT",
      "optional": true,
      "os": [
        "win32"
      ],
      "engines": {
        "node": ">= 20"
      }
    },
    "node_modules/@supercharge/promise-pool": {
      "version": "3.2.0",
      "resolved": "https://registry.npmjs.org/@supercharge/promise-pool/-/promise-pool-3.2.0.tgz",
      "integrity": "sha512-pj0cAALblTZBPtMltWOlZTQSLT07jIaFNeM8TWoJD1cQMgDB9mcMlVMoetiB35OzNJpqQ2b+QEtwiR9f20mADg==",
      "license": "MIT",
      "engines": {
        "node": ">=8"
      }
    }
  }
}
