{
  "name": "fetch",
  "version": "1.0.0",
  "lockfileVersion": 3,
  "requires": true,
  "packages": {
    "": {
      "name": "fetch",
      "version": "1.0.0",
      "license": "ISC",
      "dependencies": {
        "@reqwest/fetch": "^0.0.12",
        "@supercharge/promise-pool": "^3.2.0"
      }
    },
    "node_modules/@reqwest/fetch": {
      "version": "0.0.12",
      "resolved": "https://registry.npmjs.org/@reqwest/fetch/-/fetch-0.0.12.tgz",
      "integrity": "sha512-n1sIysPVYfgmpRsLi5gYNPbxzlC807Rg/Lubm1S05RThbIaf1OW8j/f8WeoWnQQT7IUSEhYIVrhN8lmZRrM9JA==",
      "license": "MIT",
      "engines": {
        "node": ">= 20"
      },
      "optionalDependencies": {
        "@reqwest/fetch-darwin-arm64": "0.0.12",
        "@reqwest/fetch-darwin-x64": "0.0.12",
        "@reqwest/fetch-linux-arm64-gnu": "0.0.12",
        "@reqwest/fetch-linux-arm64-musl": "0.0.12",
        "@reqwest/fetch-linux-x64-gnu": "0.0.12",
        "@reqwest/fetch-linux-x64-musl": "0.0.12",
        "@reqwest/fetch-win32-x64-msvc": "0.0.12"
      }
    },
    "node_modules/@reqwest/fetch-darwin-arm64": {
      "version": "0.0.12",
      "resolved": "https://registry.npmjs.org/@reqwest/fetch-darwin-arm64/-/fetch-darwin-arm64-0.0.12.tgz",
      "integrity": "sha512-Kkijn3Tm+D1zgMlyKrPPw84AITqzZhVZ8O9mY9Gm29lWRTcSjTb1JUptLODmFOudhwzfx7GWuddnuNo0G9xRqA==",
      "cpu": [
        "arm64"
      ],
      "license": "MIT",
      "optional": true,
      "os": [
        "darwin"
      ],
      "engines": {
        "node": ">= 20"
      }
    },
    "node_modules/@reqwest/fetch-darwin-x64": {
      "version": "0.0.12",
      "resolved": "https://registry.npmjs.org/@reqwest/fetch-darwin-x64/-/fetch-darwin-x64-0.0.12.tgz",
      "integrity": "sha512-XR++b7oHDnJEZ4Fnsf7koas5WTW8LNdLJ+OOZ7CoUxmfY7DMgmOgxkoVnlY2oU9N+zxyNPvgsIdJR31koGYb6A==",
      "cpu": [
        "x64"
      ],
      "license": "MIT",
      "optional": true,
      "os": [
        "darwin"
      ],
      "engines": {
        "node": ">= 20"
      }
    },
    "node_modules/@reqwest/fetch-linux-arm64-gnu": {
      "version": "0.0.12",
      "resolved": "https://registry.npmjs.org/@reqwest/fetch-linux-arm64-gnu/-/fetch-linux-arm64-gnu-0.0.12.tgz",
      "integrity": "sha512-SAy+rWgM8Bd+dNrK/SgldAyEUTv/k5QReCkbL5EE+rrccmz4fWAKEpxoc+zidYExEcHrmIr7SnaI5wl2uolYEw==",
      "cpu": [
        "arm64"
      ],
      "license": "MIT",
      "optional": true,
      "os": [
        "linux"
      ],
      "engines": {
        "node": ">= 20"
      }
    },
    "node_modules/@reqwest/fetch-linux-arm64-musl": {
      "version": "0.0.12",
      "resolved": "https://registry.npmjs.org/@reqwest/fetch-linux-arm64-musl/-/fetch-linux-arm64-musl-0.0.12.tgz",
      "integrity": "sha512-fFS164GKFtU6YoVa3kBsh5IoyfVMwloPTITUnKVwRPpQo72dvC00AzZ6TtqzEsj6Ahf4cSl7CE/N7kQiyUbRlw==",
      "cpu": [
        "arm64"
      ],
      "license": "MIT",
      "optional": true,
      "os": [
        "linux"
      ],
      "engines": {
        "node": ">= 20"
      }
    },
    "node_modules/@reqwest/fetch-linux-x64-gnu": {
      "version": "0.0.12",
      "resolved": "https://registry.npmjs.org/@reqwest/fetch-linux-x64-gnu/-/fetch-linux-x64-gnu-0.0.12.tgz",
      "integrity": "sha512-e7NPQnNFYRzd9L9p1ps0Coml7Wty/ssrVann8nnePPHcQe4yS8CtIZAWKsgbIe2aJVjyOX/f8WxQxE4i+pol0g==",
      "cpu": [
        "x64"
      ],
      "license": "MIT",
      "optional": true,
      "os": [
        "linux"
      ],
      "engines": {
        "node": ">= 20"
      }
    },
    "node_modules/@reqwest/fetch-linux-x64-musl": {
      "version": "0.0.12",
      "resolved": "https://registry.npmjs.org/@reqwest/fetch-linux-x64-musl/-/fetch-linux-x64-musl-0.0.12.tgz",
      "integrity": "sha512-wjbCpjSoQj5mI9+UvCB2LaboN4IhTtA3TnL+NKDsiOgQPHJqG/p9n0qhdQ9UoyyhuEyyNQm7a/ervmFc1KCQLA==",
      "cpu": [
        "x64"
      ],
      "license": "MIT",
      "optional": true,
      "os": [
        "linux"
      ],
      "engines": {
        "node": ">= 20"
      }
    },
    "node_modules/@reqwest/fetch-win32-x64-msvc": {
      "version": "0.0.12",
      "resolved": "https://registry.npmjs.org/@reqwest/fetch-win32-x64-msvc/-/fetch-win32-x64-msvc-0.0.12.tgz",
      "integrity": "sha512-o4IhvUC77GDRmiaMG87a9+pqEvROhMDFrbjCOQQOcYwB4Yz9o9oPREHZLmxgn5PUJFi2TsuNwcCoTNkk/MqWcw==",
      "cpu": [
        "x64"
      ],
      "license": "MIT",
      "optional": true,
      "os": [
        "win32"
      ],
      "engines": {
        "node": ">= 20"
      }
    },
    "node_modules/@supercharge/promise-pool": {
      "version": "3.2.0",
      "resolved": "https://registry.npmjs.org/@supercharge/promise-pool/-/promise-pool-3.2.0.tgz",
      "integrity": "sha512-pj0cAALblTZBPtMltWOlZTQSLT07jIaFNeM8TWoJD1cQMgDB9mcMlVMoetiB35OzNJpqQ2b+QEtwiR9f20mADg==",
      "license": "MIT",
      "engines": {
        "node": ">=8"
      }
    }
  }
}
