{
  "version": "3",
  "packages": {
    "specifiers": {
      "jsr:@std/streams@0.223.0": "jsr:@std/streams@0.223.0",
      "npm:@supercharge/promise-pool@^3.2.0": "npm:@supercharge/promise-pool@3.2.0"
    },
    "jsr": {
      "@std/streams@0.223.0": {
        "integrity": "d6b28e498ced3960b04dc5d251f2dcfc1df244b5ec5a48dc23a8f9b490be3b99"
      }
    },
    "npm": {
      "@supercharge/promise-pool@3.2.0": {
        "integrity": "sha512-pj0cAALblTZBPtMltWOlZTQSLT07jIaFNeM8TWoJD1cQMgDB9mcMlVMoetiB35OzNJpqQ2b+QEtwiR9f20mADg==",
        "dependencies": {}
      }
    }
  },
  "remote": {},
  "workspace": {
    "packageJson": {
      "dependencies": [
        "npm:@supercharge/promise-pool@^3.2.0"
      ]
    }
  }
}
